// !$*UTF8*$!
{
	archiveVersion = 1;
	classes = {
	};
	objectVersion = 46;
	objects = {

/* Begin PBXBuildFile section */
		94DF6E3A1C2E4B9C00D07811 /* AppDelegate.swift in Sources */ = {isa = PBXBuildFile; fileRef = 94DF6E391C2E4B9C00D07811 /* AppDelegate.swift */; };
		94DF6E3C1C2E4B9C00D07811 /* ViewController.swift in Sources */ = {isa = PBXBuildFile; fileRef = 94DF6E3B1C2E4B9C00D07811 /* ViewController.swift */; };
		94DF6E3F1C2E4B9C00D07811 /* Main.storyboard in Resources */ = {isa = PBXBuildFile; fileRef = 94DF6E3D1C2E4B9C00D07811 /* Main.storyboard */; };
		94DF6E411C2E4B9C00D07811 /* Assets.xcassets in Resources */ = {isa = PBXBuildFile; fileRef = 94DF6E401C2E4B9C00D07811 /* Assets.xcassets */; };
		94DF6E441C2E4B9C00D07811 /* LaunchScreen.storyboard in Resources */ = {isa = PBXBuildFile; fileRef = 94DF6E421C2E4B9C00D07811 /* LaunchScreen.storyboard */; };
		94DF6E4F1C2E4B9C00D07811 /* CalculatorTests.swift in Sources */ = {isa = PBXBuildFile; fileRef = 94DF6E4E1C2E4B9C00D07811 /* CalculatorTests.swift */; };
		94DF6E5A1C2E4B9C00D07811 /* CalculatorUITests.swift in Sources */ = {isa = PBXBuildFile; fileRef = 94DF6E591C2E4B9C00D07811 /* CalculatorUITests.swift */; };
/* End PBXBuildFile section */

/* Begin PBXContainerItemProxy section */
		94DF6E4B1C2E4B9C00D07811 /* PBXContainerItemProxy */ = {
			isa = PBXContainerItemProxy;
			containerPortal = 94DF6E2E1C2E4B9C00D07811 /* Project object */;
			proxyType = 1;
			remoteGlobalIDString = 94DF6E351C2E4B9C00D07811;
			remoteInfo = Calculator;
		};
		94DF6E561C2E4B9C00D07811 /* PBXContainerItemProxy */ = {
			isa = PBXContainerItemProxy;
			containerPortal = 94DF6E2E1C2E4B9C00D07811 /* Project object */;
			proxyType = 1;
			remoteGlobalIDString = 94DF6E351C2E4B9C00D07811;
			remoteInfo = Calculator;
		};
/* End PBXContainerItemProxy section */

/* Begin PBXFileReference section */
		94DF6E361C2E4B9C00D07811 /* Calculator.app */ = {isa = PBXFileReference; explicitFileType = wrapper.application; includeInIndex = 0; path = Calculator.app; sourceTree = BUILT_PRODUCTS_DIR; };
		94DF6E391C2E4B9C00D07811 /* AppDelegate.swift */ = {isa = PBXFileReference; lastKnownFileType = sourcecode.swift; path = AppDelegate.swift; sourceTree = "<group>"; };
		94DF6E3B1C2E4B9C00D07811 /* ViewController.swift */ = {isa = PBXFileReference; lastKnownFileType = sourcecode.swift; path = ViewController.swift; sourceTree = "<group>"; };
		94DF6E3E1C2E4B9C00D07811 /* Base */ = {isa = PBXFileReference; lastKnownFileType = file.storyboard; name = Base; path = Base.lproj/Main.storyboard; sourceTree = "<group>"; };
		94DF6E401C2E4B9C00D07811 /* Assets.xcassets */ = {isa = PBXFileReference; lastKnownFileType = folder.assetcatalog; path = Assets.xcassets; sourceTree = "<group>"; };
		94DF6E431C2E4B9C00D07811 /* Base */ = {isa = PBXFileReference; lastKnownFileType = file.storyboard; name = Base; path = Base.lproj/LaunchScreen.storyboard; sourceTree = "<group>"; };
		94DF6E451C2E4B9C00D07811 /* Info.plist */ = {isa = PBXFileReference; lastKnownFileType = text.plist.xml; path = Info.plist; sourceTree = "<group>"; };
		94DF6E4A1C2E4B9C00D07811 /* CalculatorTests.xctest */ = {isa = PBXFileReference; explicitFileType = wrapper.cfbundle; includeInIndex = 0; path = CalculatorTests.xctest; sourceTree = BUILT_PRODUCTS_DIR; };
		94DF6E4E1C2E4B9C00D07811 /* CalculatorTests.swift */ = {isa = PBXFileReference; lastKnownFileType = sourcecode.swift; path = CalculatorTests.swift; sourceTree = "<group>"; };
		94DF6E501C2E4B9C00D07811 /* Info.plist */ = {isa = PBXFileReference; lastKnownFileType = text.plist.xml; path = Info.plist; sourceTree = "<group>"; };
		94DF6E551C2E4B9C00D07811 /* CalculatorUITests.xctest */ = {isa = PBXFileReference; explicitFileType = wrapper.cfbundle; includeInIndex = 0; path = CalculatorUITests.xctest; sourceTree = BUILT_PRODUCTS_DIR; };
		94DF6E591C2E4B9C00D07811 /* CalculatorUITests.swift */ = {isa = PBXFileReference; lastKnownFileType = sourcecode.swift; path = CalculatorUITests.swift; sourceTree = "<group>"; };
		94DF6E5B1C2E4B9C00D07811 /* Info.plist */ = {isa = PBXFileReference; lastKnownFileType = text.plist.xml; path = Info.plist; sourceTree = "<group>"; };
/* End PBXFileReference section */

/* Begin PBXFrameworksBuildPhase section */
		94DF6E331C2E4B9C00D07811 /* Frameworks */ = {
			isa = PBXFrameworksBuildPhase;
			buildActionMask = 2147483647;
			files = (
			);
			runOnlyForDeploymentPostprocessing = 0;
		};
		94DF6E471C2E4B9C00D07811 /* Frameworks */ = {
			isa = PBXFrameworksBuildPhase;
			buildActionMask = 2147483647;
			files = (
			);
			runOnlyForDeploymentPostprocessing = 0;
		};
		94DF6E521C2E4B9C00D07811 /* Frameworks */ = {
			isa = PBXFrameworksBuildPhase;
			buildActionMask = 2147483647;
			files = (
			);
			runOnlyForDeploymentPostprocessing = 0;
		};
/* End PBXFrameworksBuildPhase section */

/* Begin PBXGroup section */
		94DF6E2D1C2E4B9C00D07811 = {
			isa = PBXGroup;
			children = (
				94DF6E381C2E4B9C00D07811 /* Calculator */,
				94DF6E4D1C2E4B9C00D07811 /* CalculatorTests */,
				94DF6E581C2E4B9C00D07811 /* CalculatorUITests */,
				94DF6E371C2E4B9C00D07811 /* Products */,
			);
			sourceTree = "<group>";
		};
		94DF6E371C2E4B9C00D07811 /* Products */ = {
			isa = PBXGroup;
			children = (
				94DF6E361C2E4B9C00D07811 /* Calculator.app */,
				94DF6E4A1C2E4B9C00D07811 /* CalculatorTests.xctest */,
				94DF6E551C2E4B9C00D07811 /* CalculatorUITests.xctest */,
			);
			name = Products;
			sourceTree = "<group>";
		};
		94DF6E381C2E4B9C00D07811 /* Calculator */ = {
			isa = PBXGroup;
			children = (
				94DF6E391C2E4B9C00D07811 /* AppDelegate.swift */,
				94DF6E3B1C2E4B9C00D07811 /* ViewController.swift */,
				94DF6E3D1C2E4B9C00D07811 /* Main.storyboard */,
				94DF6E401C2E4B9C00D07811 /* Assets.xcassets */,
				94DF6E421C2E4B9C00D07811 /* LaunchScreen.storyboard */,
				94DF6E451C2E4B9C00D07811 /* Info.plist */,
			);
			path = Calculator;
			sourceTree = "<group>";
		};
		94DF6E4D1C2E4B9C00D07811 /* CalculatorTests */ = {
			isa = PBXGroup;
			children = (
				94DF6E4E1C2E4B9C00D07811 /* CalculatorTests.swift */,
				94DF6E501C2E4B9C00D07811 /* Info.plist */,
			);
			path = CalculatorTests;
			sourceTree = "<group>";
		};
		94DF6E581C2E4B9C00D07811 /* CalculatorUITests */ = {
			isa = PBXGroup;
			children = (
				94DF6E591C2E4B9C00D07811 /* CalculatorUITests.swift */,
				94DF6E5B1C2E4B9C00D07811 /* Info.plist */,
			);
			path = CalculatorUITests;
			sourceTree = "<group>";
		};
/* End PBXGroup section */

/* Begin PBXNativeTarget section */
		94DF6E351C2E4B9C00D07811 /* Calculator */ = {
			isa = PBXNativeTarget;
			buildConfigurationList = 94DF6E5E1C2E4B9C00D07811 /* Build configuration list for PBXNativeTarget "Calculator" */;
			buildPhases = (
				94DF6E321C2E4B9C00D07811 /* Sources */,
				94DF6E331C2E4B9C00D07811 /* Frameworks */,
				94DF6E341C2E4B9C00D07811 /* Resources */,
			);
			buildRules = (
			);
			dependencies = (
			);
			name = Calculator;
			productName = Calculator;
			productReference = 94DF6E361C2E4B9C00D07811 /* Calculator.app */;
			productType = "com.apple.product-type.application";
		};
		94DF6E491C2E4B9C00D07811 /* CalculatorTests */ = {
			isa = PBXNativeTarget;
			buildConfigurationList = 94DF6E611C2E4B9C00D07811 /* Build configuration list for PBXNativeTarget "CalculatorTests" */;
			buildPhases = (
				94DF6E461C2E4B9C00D07811 /* Sources */,
				94DF6E471C2E4B9C00D07811 /* Frameworks */,
				94DF6E481C2E4B9C00D07811 /* Resources */,
			);
			buildRules = (
			);
			dependencies = (
				94DF6E4C1C2E4B9C00D07811 /* PBXTargetDependency */,
			);
			name = CalculatorTests;
			productName = CalculatorTests;
			productReference = 94DF6E4A1C2E4B9C00D07811 /* CalculatorTests.xctest */;
			productType = "com.apple.product-type.bundle.unit-test";
		};
		94DF6E541C2E4B9C00D07811 /* CalculatorUITests */ = {
			isa = PBXNativeTarget;
			buildConfigurationList = 94DF6E641C2E4B9C00D07811 /* Build configuration list for PBXNativeTarget "CalculatorUITests" */;
			buildPhases = (
				94DF6E511C2E4B9C00D07811 /* Sources */,
				94DF6E521C2E4B9C00D07811 /* Frameworks */,
				94DF6E531C2E4B9C00D07811 /* Resources */,
			);
			buildRules = (
			);
			dependencies = (
				94DF6E571C2E4B9C00D07811 /* PBXTargetDependency */,
			);
			name = CalculatorUITests;
			productName = CalculatorUITests;
			productReference = 94DF6E551C2E4B9C00D07811 /* CalculatorUITests.xctest */;
			productType = "com.apple.product-type.bundle.ui-testing";
		};
/* End PBXNativeTarget section */

/* Begin PBXProject section */
		94DF6E2E1C2E4B9C00D07811 /* Project object */ = {
			isa = PBXProject;
			attributes = {
				LastSwiftUpdateCheck = 0720;
				LastUpgradeCheck = 0720;
				ORGANIZATIONNAME = "Ryan Levi";
				TargetAttributes = {
					94DF6E351C2E4B9C00D07811 = {
						CreatedOnToolsVersion = 7.2;
						DevelopmentTeam = WU93RKEJQ7;
					};
					94DF6E491C2E4B9C00D07811 = {
						CreatedOnToolsVersion = 7.2;
						DevelopmentTeam = WU93RKEJQ7;
						TestTargetID = 94DF6E351C2E4B9C00D07811;
					};
					94DF6E541C2E4B9C00D07811 = {
						CreatedOnToolsVersion = 7.2;
						DevelopmentTeam = WU93RKEJQ7;
						TestTargetID = 94DF6E351C2E4B9C00D07811;
					};
				};
			};
			buildConfigurationList = 94DF6E311C2E4B9C00D07811 /* Build configuration list for PBXProject "Calculator" */;
			compatibilityVersion = "Xcode 3.2";
			developmentRegion = English;
			hasScannedForEncodings = 0;
			knownRegions = (
				en,
				Base,
			);
			mainGroup = 94DF6E2D1C2E4B9C00D07811;
			productRefGroup = 94DF6E371C2E4B9C00D07811 /* Products */;
			projectDirPath = "";
			projectRoot = "";
			targets = (
				94DF6E351C2E4B9C00D07811 /* Calculator */,
				94DF6E491C2E4B9C00D07811 /* CalculatorTests */,
				94DF6E541C2E4B9C00D07811 /* CalculatorUITests */,
			);
		};
/* End PBXProject section */

/* Begin PBXResourcesBuildPhase section */
		94DF6E341C2E4B9C00D07811 /* Resources */ = {
			isa = PBXResourcesBuildPhase;
			buildActionMask = 2147483647;
			files = (
				94DF6E441C2E4B9C00D07811 /* LaunchScreen.storyboard in Resources */,
				94DF6E411C2E4B9C00D07811 /* Assets.xcassets in Resources */,
				94DF6E3F1C2E4B9C00D07811 /* Main.storyboard in Resources */,
			);
			runOnlyForDeploymentPostprocessing = 0;
		};
		94DF6E481C2E4B9C00D07811 /* Resources */ = {
			isa = PBXResourcesBuildPhase;
			buildActionMask = 2147483647;
			files = (
			);
			runOnlyForDeploymentPostprocessing = 0;
		};
		94DF6E531C2E4B9C00D07811 /* Resources */ = {
			isa = PBXResourcesBuildPhase;
			buildActionMask = 2147483647;
			files = (
			);
			runOnlyForDeploymentPostprocessing = 0;
		};
/* End PBXResourcesBuildPhase section */

/* Begin PBXSourcesBuildPhase section */
		94DF6E321C2E4B9C00D07811 /* Sources */ = {
			isa = PBXSourcesBuildPhase;
			buildActionMask = 2147483647;
			files = (
				94DF6E3C1C2E4B9C00D07811 /* ViewController.swift in Sources */,
				94DF6E3A1C2E4B9C00D07811 /* AppDelegate.swift in Sources */,
			);
			runOnlyForDeploymentPostprocessing = 0;
		};
		94DF6E461C2E4B9C00D07811 /* Sources */ = {
			isa = PBXSourcesBuildPhase;
			buildActionMask = 2147483647;
			files = (
				94DF6E4F1C2E4B9C00D07811 /* CalculatorTests.swift in Sources */,
			);
			runOnlyForDeploymentPostprocessing = 0;
		};
		94DF6E511C2E4B9C00D07811 /* Sources */ = {
			isa = PBXSourcesBuildPhase;
			buildActionMask = 2147483647;
			files = (
				94DF6E5A1C2E4B9C00D07811 /* CalculatorUITests.swift in Sources */,
			);
			runOnlyForDeploymentPostprocessing = 0;
		};
/* End PBXSourcesBuildPhase section */

/* Begin PBXTargetDependency section */
		94DF6E4C1C2E4B9C00D07811 /* PBXTargetDependency */ = {
			isa = PBXTargetDependency;
			target = 94DF6E351C2E4B9C00D07811 /* Calculator */;
			targetProxy = 94DF6E4B1C2E4B9C00D07811 /* PBXContainerItemProxy */;
		};
		94DF6E571C2E4B9C00D07811 /* PBXTargetDependency */ = {
			isa = PBXTargetDependency;
			target = 94DF6E351C2E4B9C00D07811 /* Calculator */;
			targetProxy = 94DF6E561C2E4B9C00D07811 /* PBXContainerItemProxy */;
		};
/* End PBXTargetDependency section */

/* Begin PBXVariantGroup section */
		94DF6E3D1C2E4B9C00D07811 /* Main.storyboard */ = {
			isa = PBXVariantGroup;
			children = (
				94DF6E3E1C2E4B9C00D07811 /* Base */,
			);
			name = Main.storyboard;
			sourceTree = "<group>";
		};
		94DF6E421C2E4B9C00D07811 /* LaunchScreen.storyboard */ = {
			isa = PBXVariantGroup;
			children = (
				94DF6E431C2E4B9C00D07811 /* Base */,
			);
			name = LaunchScreen.storyboard;
			sourceTree = "<group>";
		};
/* End PBXVariantGroup section */

/* Begin XCBuildConfiguration section */
		94DF6E5C1C2E4B9C00D07811 /* Debug */ = {
			isa = XCBuildConfiguration;
			buildSettings = {
				ALWAYS_SEARCH_USER_PATHS = NO;
				CLANG_CXX_LANGUAGE_STANDARD = "gnu++0x";
				CLANG_CXX_LIBRARY = "libc++";
				CLANG_ENABLE_MODULES = YES;
				CLANG_ENABLE_OBJC_ARC = YES;
				CLANG_WARN_BOOL_CONVERSION = YES;
				CLANG_WARN_CONSTANT_CONVERSION = YES;
				CLANG_WARN_DIRECT_OBJC_ISA_USAGE = YES_ERROR;
				CLANG_WARN_EMPTY_BODY = YES;
				CLANG_WARN_ENUM_CONVERSION = YES;
				CLANG_WARN_INT_CONVERSION = YES;
				CLANG_WARN_OBJC_ROOT_CLASS = YES_ERROR;
				CLANG_WARN_UNREACHABLE_CODE = YES;
				CLANG_WARN__DUPLICATE_METHOD_MATCH = YES;
				"CODE_SIGN_IDENTITY[sdk=iphoneos*]" = "iPhone Developer";
				COPY_PHASE_STRIP = NO;
				DEBUG_INFORMATION_FORMAT = dwarf;
				ENABLE_STRICT_OBJC_MSGSEND = YES;
				ENABLE_TESTABILITY = YES;
				GCC_C_LANGUAGE_STANDARD = gnu99;
				GCC_DYNAMIC_NO_PIC = NO;
				GCC_NO_COMMON_BLOCKS = YES;
				GCC_OPTIMIZATION_LEVEL = 0;
				GCC_PREPROCESSOR_DEFINITIONS = (
					"DEBUG=1",
					"$(inherited)",
				);
				GCC_WARN_64_TO_32_BIT_CONVERSION = YES;
				GCC_WARN_ABOUT_RETURN_TYPE = YES_ERROR;
				GCC_WARN_UNDECLARED_SELECTOR = YES;
				GCC_WARN_UNINITIALIZED_AUTOS = YES_AGGRESSIVE;
				GCC_WARN_UNUSED_FUNCTION = YES;
				GCC_WARN_UNUSED_VARIABLE = YES;
				IPHONEOS_DEPLOYMENT_TARGET = 9.2;
				MTL_ENABLE_DEBUG_INFO = YES;
				ONLY_ACTIVE_ARCH = YES;
				SDKROOT = iphoneos;
				SWIFT_OPTIMIZATION_LEVEL = "-Onone";
			};
			name = Debug;
		};
		94DF6E5D1C2E4B9C00D07811 /* Release */ = {
			isa = XCBuildConfiguration;
			buildSettings = {
				ALWAYS_SEARCH_USER_PATHS = NO;
				CLANG_CXX_LANGUAGE_STANDARD = "gnu++0x";
				CLANG_CXX_LIBRARY = "libc++";
				CLANG_ENABLE_MODULES = YES;
				CLANG_ENABLE_OBJC_ARC = YES;
				CLANG_WARN_BOOL_CONVERSION = YES;
				CLANG_WARN_CONSTANT_CONVERSION = YES;
				CLANG_WARN_DIRECT_OBJC_ISA_USAGE = YES_ERROR;
				CLANG_WARN_EMPTY_BODY = YES;
				CLANG_WARN_ENUM_CONVERSION = YES;
				CLANG_WARN_INT_CONVERSION = YES;
				CLANG_WARN_OBJC_ROOT_CLASS = YES_ERROR;
				CLANG_WARN_UNREACHABLE_CODE = YES;
				CLANG_WARN__DUPLICATE_METHOD_MATCH = YES;
				"CODE_SIGN_IDENTITY[sdk=iphoneos*]" = "iPhone Developer";
				COPY_PHASE_STRIP = NO;
				DEBUG_INFORMATION_FORMAT = "dwarf-with-dsym";
				ENABLE_NS_ASSERTIONS = NO;
				ENABLE_STRICT_OBJC_MSGSEND = YES;
				GCC_C_LANGUAGE_STANDARD = gnu99;
				GCC_NO_COMMON_BLOCKS = YES;
				GCC_WARN_64_TO_32_BIT_CONVERSION = YES;
				GCC_WARN_ABOUT_RETURN_TYPE = YES_ERROR;
				GCC_WARN_UNDECLARED_SELECTOR = YES;
				GCC_WARN_UNINITIALIZED_AUTOS = YES_AGGRESSIVE;
				GCC_WARN_UNUSED_FUNCTION = YES;
				GCC_WARN_UNUSED_VARIABLE = YES;
				IPHONEOS_DEPLOYMENT_TARGET = 9.2;
				MTL_ENABLE_DEBUG_INFO = NO;
				SDKROOT = iphoneos;
				VALIDATE_PRODUCT = YES;
			};
			name = Release;
		};
		94DF6E5F1C2E4B9C00D07811 /* Debug */ = {
			isa = XCBuildConfiguration;
			buildSettings = {
				ASSETCATALOG_COMPILER_APPICON_NAME = AppIcon;
				INFOPLIST_FILE = Calculator/Info.plist;
				LD_RUNPATH_SEARCH_PATHS = "$(inherited) @executable_path/Frameworks";
				PRODUCT_BUNDLE_IDENTIFIER = com.ryanlevi.Calculator;
				PRODUCT_NAME = "$(TARGET_NAME)";
			};
			name = Debug;
		};
		94DF6E601C2E4B9C00D07811 /* Release */ = {
			isa = XCBuildConfiguration;
			buildSettings = {
				ASSETCATALOG_COMPILER_APPICON_NAME = AppIcon;
				INFOPLIST_FILE = Calculator/Info.plist;
				LD_RUNPATH_SEARCH_PATHS = "$(inherited) @executable_path/Frameworks";
				PRODUCT_BUNDLE_IDENTIFIER = com.ryanlevi.Calculator;
				PRODUCT_NAME = "$(TARGET_NAME)";
			};
			name = Release;
		};
		94DF6E621C2E4B9C00D07811 /* Debug */ = {
			isa = XCBuildConfiguration;
			buildSettings = {
				BUNDLE_LOADER = "$(TEST_HOST)";
				INFOPLIST_FILE = CalculatorTests/Info.plist;
				LD_RUNPATH_SEARCH_PATHS = "$(inherited) @executable_path/Frameworks @loader_path/Frameworks";
				PRODUCT_BUNDLE_IDENTIFIER = com.ryanlevi.CalculatorTests;
				PRODUCT_NAME = "$(TARGET_NAME)";
				TEST_HOST = "$(BUILT_PRODUCTS_DIR)/Calculator.app/Calculator";
			};
			name = Debug;
		};
		94DF6E631C2E4B9C00D07811 /* Release */ = {
			isa = XCBuildConfiguration;
			buildSettings = {
				BUNDLE_LOADER = "$(TEST_HOST)";
				INFOPLIST_FILE = CalculatorTests/Info.plist;
				LD_RUNPATH_SEARCH_PATHS = "$(inherited) @executable_path/Frameworks @loader_path/Frameworks";
				PRODUCT_BUNDLE_IDENTIFIER = com.ryanlevi.CalculatorTests;
				PRODUCT_NAME = "$(TARGET_NAME)";
				TEST_HOST = "$(BUILT_PRODUCTS_DIR)/Calculator.app/Calculator";
			};
			name = Release;
		};
		94DF6E651C2E4B9C00D07811 /* Debug */ = {
			isa = XCBuildConfiguration;
			buildSettings = {
				INFOPLIST_FILE = CalculatorUITests/Info.plist;
				LD_RUNPATH_SEARCH_PATHS = "$(inherited) @executable_path/Frameworks @loader_path/Frameworks";
				PRODUCT_BUNDLE_IDENTIFIER = com.ryanlevi.CalculatorUITests;
				PRODUCT_NAME = "$(TARGET_NAME)";
				TEST_TARGET_NAME = Calculator;
				USES_XCTRUNNER = YES;
			};
			name = Debug;
		};
		94DF6E661C2E4B9C00D07811 /* Release */ = {
			isa = XCBuildConfiguration;
			buildSettings = {
				INFOPLIST_FILE = CalculatorUITests/Info.plist;
				LD_RUNPATH_SEARCH_PATHS = "$(inherited) @executable_path/Frameworks @loader_path/Frameworks";
				PRODUCT_BUNDLE_IDENTIFIER = com.ryanlevi.CalculatorUITests;
				PRODUCT_NAME = "$(TARGET_NAME)";
				TEST_TARGET_NAME = Calculator;
				USES_XCTRUNNER = YES;
			};
			name = Release;
		};
/* End XCBuildConfiguration section */

/* Begin XCConfigurationList section */
		94DF6E311C2E4B9C00D07811 /* Build configuration list for PBXProject "Calculator" */ = {
			isa = XCConfigurationList;
			buildConfigurations = (
				94DF6E5C1C2E4B9C00D07811 /* Debug */,
				94DF6E5D1C2E4B9C00D07811 /* Release */,
			);
			defaultConfigurationIsVisible = 0;
			defaultConfigurationName = Release;
		};
		94DF6E5E1C2E4B9C00D07811 /* Build configuration list for PBXNativeTarget "Calculator" */ = {
			isa = XCConfigurationList;
			buildConfigurations = (
				94DF6E5F1C2E4B9C00D07811 /* Debug */,
				94DF6E601C2E4B9C00D07811 /* Release */,
			);
			defaultConfigurationIsVisible = 0;
		};
		94DF6E611C2E4B9C00D07811 /* Build configuration list for PBXNativeTarget "CalculatorTests" */ = {
			isa = XCConfigurationList;
			buildConfigurations = (
				94DF6E621C2E4B9C00D07811 /* Debug */,
				94DF6E631C2E4B9C00D07811 /* Release */,
			);
			defaultConfigurationIsVisible = 0;
		};
		94DF6E641C2E4B9C00D07811 /* Build configuration list for PBXNativeTarget "CalculatorUITests" */ = {
			isa = XCConfigurationList;
			buildConfigurations = (
				94DF6E651C2E4B9C00D07811 /* Debug */,
				94DF6E661C2E4B9C00D07811 /* Release */,
			);
			defaultConfigurationIsVisible = 0;
		};
/* End XCConfigurationList section */
	};
	rootObject = 94DF6E2E1C2E4B9C00D07811 /* Project object */;
}
